// !$*UTF8*$!
{
	archiveVersion = 1;
	classes = {
	};
	objectVersion = 56;
	objects = {

/* Begin PBXBuildFile section */
		BBDE6CDD2B6AF2FC00FA3EA1 /* Memorize2App.swift in Sources */ = {isa = PBXBuildFile; fileRef = BBDE6CDC2B6AF2FC00FA3EA1 /* Memorize2App.swift */; };
		BBDE6CDF2B6AF2FC00FA3EA1 /* ContentView.swift in Sources */ = {isa = PBXBuildFile; fileRef = BBDE6CDE2B6AF2FC00FA3EA1 /* ContentView.swift */; };
		BBDE6CE12B6AF2FD00FA3EA1 /* Assets.xcassets in Resources */ = {isa = PBXBuildFile; fileRef = BBDE6CE02B6AF2FD00FA3EA1 /* Assets.xcassets */; };
		BBDE6CE42B6AF2FD00FA3EA1 /* Preview Assets.xcassets in Resources */ = {isa = PBXBuildFile; fileRef = BBDE6CE32B6AF2FD00FA3EA1 /* Preview Assets.xcassets */; };
		BBDE6CEE2B6AF2FD00FA3EA1 /* Memorize2Tests.swift in Sources */ = {isa = PBXBuildFile; fileRef = BBDE6CED2B6AF2FD00FA3EA1 /* Memorize2Tests.swift */; };
		BBDE6CF82B6AF2FD00FA3EA1 /* Memorize2UITests.swift in Sources */ = {isa = PBXBuildFile; fileRef = BBDE6CF72B6AF2FD00FA3EA1 /* Memorize2UITests.swift */; };
		BBDE6CFA2B6AF2FD00FA3EA1 /* Memorize2UITestsLaunchTests.swift in Sources */ = {isa = PBXBuildFile; fileRef = BBDE6CF92B6AF2FD00FA3EA1 /* Memorize2UITestsLaunchTests.swift */; };
/* End PBXBuildFile section */

/* Begin PBXContainerItemProxy section */
		BBDE6CEA2B6AF2FD00FA3EA1 /* PBXContainerItemProxy */ = {
			isa = PBXContainerItemProxy;
			containerPortal = BBDE6CD12B6AF2FC00FA3EA1 /* Project object */;
			proxyType = 1;
			remoteGlobalIDString = BBDE6CD82B6AF2FC00FA3EA1;
			remoteInfo = Memorize2;
		};
		BBDE6CF42B6AF2FD00FA3EA1 /* PBXContainerItemProxy */ = {
			isa = PBXContainerItemProxy;
			containerPortal = BBDE6CD12B6AF2FC00FA3EA1 /* Project object */;
			proxyType = 1;
			remoteGlobalIDString = BBDE6CD82B6AF2FC00FA3EA1;
			remoteInfo = Memorize2;
		};
/* End PBXContainerItemProxy section */

/* Begin PBXFileReference section */
		BBDE6CD92B6AF2FC00FA3EA1 /* Memorize2.app */ = {isa = PBXFileReference; explicitFileType = wrapper.application; includeInIndex = 0; path = Memorize2.app; sourceTree = BUILT_PRODUCTS_DIR; };
		BBDE6CDC2B6AF2FC00FA3EA1 /* Memorize2App.swift */ = {isa = PBXFileReference; lastKnownFileType = sourcecode.swift; path = Memorize2App.swift; sourceTree = "<group>"; };
		BBDE6CDE2B6AF2FC00FA3EA1 /* ContentView.swift */ = {isa = PBXFileReference; lastKnownFileType = sourcecode.swift; path = ContentView.swift; sourceTree = "<group>"; };
		BBDE6CE02B6AF2FD00FA3EA1 /* Assets.xcassets */ = {isa = PBXFileReference; lastKnownFileType = folder.assetcatalog; path = Assets.xcassets; sourceTree = "<group>"; };
		BBDE6CE32B6AF2FD00FA3EA1 /* Preview Assets.xcassets */ = {isa = PBXFileReference; lastKnownFileType = folder.assetcatalog; path = "Preview Assets.xcassets"; sourceTree = "<group>"; };
		BBDE6CE92B6AF2FD00FA3EA1 /* Memorize2Tests.xctest */ = {isa = PBXFileReference; explicitFileType = wrapper.cfbundle; includeInIndex = 0; path = Memorize2Tests.xctest; sourceTree = BUILT_PRODUCTS_DIR; };
		BBDE6CED2B6AF2FD00FA3EA1 /* Memorize2Tests.swift */ = {isa = PBXFileReference; lastKnownFileType = sourcecode.swift; path = Memorize2Tests.swift; sourceTree = "<group>"; };
		BBDE6CF32B6AF2FD00FA3EA1 /* Memorize2UITests.xctest */ = {isa = PBXFileReference; explicitFileType = wrapper.cfbundle; includeInIndex = 0; path = Memorize2UITests.xctest; sourceTree = BUILT_PRODUCTS_DIR; };
		BBDE6CF72B6AF2FD00FA3EA1 /* Memorize2UITests.swift */ = {isa = PBXFileReference; lastKnownFileType = sourcecode.swift; path = Memorize2UITests.swift; sourceTree = "<group>"; };
		BBDE6CF92B6AF2FD00FA3EA1 /* Memorize2UITestsLaunchTests.swift */ = {isa = PBXFileReference; lastKnownFileType = sourcecode.swift; path = Memorize2UITestsLaunchTests.swift; sourceTree = "<group>"; };
/* End PBXFileReference section */

/* Begin PBXFrameworksBuildPhase section */
		BBDE6CD62B6AF2FC00FA3EA1 /* Frameworks */ = {
			isa = PBXFrameworksBuildPhase;
			buildActionMask = 2147483647;
			files = (
			);
			runOnlyForDeploymentPostprocessing = 0;
		};
		BBDE6CE62B6AF2FD00FA3EA1 /* Frameworks */ = {
			isa = PBXFrameworksBuildPhase;
			buildActionMask = 2147483647;
			files = (
			);
			runOnlyForDeploymentPostprocessing = 0;
		};
		BBDE6CF02B6AF2FD00FA3EA1 /* Frameworks */ = {
			isa = PBXFrameworksBuildPhase;
			buildActionMask = 2147483647;
			files = (
			);
			runOnlyForDeploymentPostprocessing = 0;
		};
/* End PBXFrameworksBuildPhase section */

/* Begin PBXGroup section */
		BBDE6CD02B6AF2FC00FA3EA1 = {
			isa = PBXGroup;
			children = (
				BBDE6CDB2B6AF2FC00FA3EA1 /* Memorize2 */,
				BBDE6CEC2B6AF2FD00FA3EA1 /* Memorize2Tests */,
				BBDE6CF62B6AF2FD00FA3EA1 /* Memorize2UITests */,
				BBDE6CDA2B6AF2FC00FA3EA1 /* Products */,
			);
			sourceTree = "<group>";
		};
		BBDE6CDA2B6AF2FC00FA3EA1 /* Products */ = {
			isa = PBXGroup;
			children = (
				BBDE6CD92B6AF2FC00FA3EA1 /* Memorize2.app */,
				BBDE6CE92B6AF2FD00FA3EA1 /* Memorize2Tests.xctest */,
				BBDE6CF32B6AF2FD00FA3EA1 /* Memorize2UITests.xctest */,
			);
			name = Products;
			sourceTree = "<group>";
		};
		BBDE6CDB2B6AF2FC00FA3EA1 /* Memorize2 */ = {
			isa = PBXGroup;
			children = (
				BBDE6CDC2B6AF2FC00FA3EA1 /* Memorize2App.swift */,
				BBDE6CDE2B6AF2FC00FA3EA1 /* ContentView.swift */,
				BBDE6CE02B6AF2FD00FA3EA1 /* Assets.xcassets */,
				BBDE6CE22B6AF2FD00FA3EA1 /* Preview Content */,
			);
			path = Memorize2;
			sourceTree = "<group>";
		};
		BBDE6CE22B6AF2FD00FA3EA1 /* Preview Content */ = {
			isa = PBXGroup;
			children = (
				BBDE6CE32B6AF2FD00FA3EA1 /* Preview Assets.xcassets */,
			);
			path = "Preview Content";
			sourceTree = "<group>";
		};
		BBDE6CEC2B6AF2FD00FA3EA1 /* Memorize2Tests */ = {
			isa = PBXGroup;
			children = (
				BBDE6CED2B6AF2FD00FA3EA1 /* Memorize2Tests.swift */,
			);
			path = Memorize2Tests;
			sourceTree = "<group>";
		};
		BBDE6CF62B6AF2FD00FA3EA1 /* Memorize2UITests */ = {
			isa = PBXGroup;
			children = (
				BBDE6CF72B6AF2FD00FA3EA1 /* Memorize2UITests.swift */,
				BBDE6CF92B6AF2FD00FA3EA1 /* Memorize2UITestsLaunchTests.swift */,
			);
			path = Memorize2UITests;
			sourceTree = "<group>";
		};
/* End PBXGroup section */

/* Begin PBXNativeTarget section */
		BBDE6CD82B6AF2FC00FA3EA1 /* Memorize2 */ = {
			isa = PBXNativeTarget;
			buildConfigurationList = BBDE6CFD2B6AF2FD00FA3EA1 /* Build configuration list for PBXNativeTarget "Memorize2" */;
			buildPhases = (
				BBDE6CD52B6AF2FC00FA3EA1 /* Sources */,
				BBDE6CD62B6AF2FC00FA3EA1 /* Frameworks */,
				BBDE6CD72B6AF2FC00FA3EA1 /* Resources */,
			);
			buildRules = (
			);
			dependencies = (
			);
			name = Memorize2;
			productName = Memorize2;
			productReference = BBDE6CD92B6AF2FC00FA3EA1 /* Memorize2.app */;
			productType = "com.apple.product-type.application";
		};
		BBDE6CE82B6AF2FD00FA3EA1 /* Memorize2Tests */ = {
			isa = PBXNativeTarget;
			buildConfigurationList = BBDE6D002B6AF2FD00FA3EA1 /* Build configuration list for PBXNativeTarget "Memorize2Tests" */;
			buildPhases = (
				BBDE6CE52B6AF2FD00FA3EA1 /* Sources */,
				BBDE6CE62B6AF2FD00FA3EA1 /* Frameworks */,
				BBDE6CE72B6AF2FD00FA3EA1 /* Resources */,
			);
			buildRules = (
			);
			dependencies = (
				BBDE6CEB2B6AF2FD00FA3EA1 /* PBXTargetDependency */,
			);
			name = Memorize2Tests;
			productName = Memorize2Tests;
			productReference = BBDE6CE92B6AF2FD00FA3EA1 /* Memorize2Tests.xctest */;
			productType = "com.apple.product-type.bundle.unit-test";
		};
		BBDE6CF22B6AF2FD00FA3EA1 /* Memorize2UITests */ = {
			isa = PBXNativeTarget;
			buildConfigurationList = BBDE6D032B6AF2FD00FA3EA1 /* Build configuration list for PBXNativeTarget "Memorize2UITests" */;
			buildPhases = (
				BBDE6CEF2B6AF2FD00FA3EA1 /* Sources */,
				BBDE6CF02B6AF2FD00FA3EA1 /* Frameworks */,
				BBDE6CF12B6AF2FD00FA3EA1 /* Resources */,
			);
			buildRules = (
			);
			dependencies = (
				BBDE6CF52B6AF2FD00FA3EA1 /* PBXTargetDependency */,
			);
			name = Memorize2UITests;
			productName = Memorize2UITests;
			productReference = BBDE6CF32B6AF2FD00FA3EA1 /* Memorize2UITests.xctest */;
			productType = "com.apple.product-type.bundle.ui-testing";
		};
/* End PBXNativeTarget section */

/* Begin PBXProject section */
		BBDE6CD12B6AF2FC00FA3EA1 /* Project object */ = {
			isa = PBXProject;
			attributes = {
				BuildIndependentTargetsInParallel = 1;
				LastSwiftUpdateCheck = 1520;
				LastUpgradeCheck = 1520;
				TargetAttributes = {
					BBDE6CD82B6AF2FC00FA3EA1 = {
						CreatedOnToolsVersion = 15.2;
					};
					BBDE6CE82B6AF2FD00FA3EA1 = {
						CreatedOnToolsVersion = 15.2;
						TestTargetID = BBDE6CD82B6AF2FC00FA3EA1;
					};
					BBDE6CF22B6AF2FD00FA3EA1 = {
						CreatedOnToolsVersion = 15.2;
						TestTargetID = BBDE6CD82B6AF2FC00FA3EA1;
					};
				};
			};
			buildConfigurationList = BBDE6CD42B6AF2FC00FA3EA1 /* Build configuration list for PBXProject "Memorize2" */;
			compatibilityVersion = "Xcode 14.0";
			developmentRegion = en;
			hasScannedForEncodings = 0;
			knownRegions = (
				en,
				Base,
			);
			mainGroup = BBDE6CD02B6AF2FC00FA3EA1;
			productRefGroup = BBDE6CDA2B6AF2FC00FA3EA1 /* Products */;
			projectDirPath = "";
			projectRoot = "";
			targets = (
				BBDE6CD82B6AF2FC00FA3EA1 /* Memorize2 */,
				BBDE6CE82B6AF2FD00FA3EA1 /* Memorize2Tests */,
				BBDE6CF22B6AF2FD00FA3EA1 /* Memorize2UITests */,
			);
		};
/* End PBXProject section */

/* Begin PBXResourcesBuildPhase section */
		BBDE6CD72B6AF2FC00FA3EA1 /* Resources */ = {
			isa = PBXResourcesBuildPhase;
			buildActionMask = 2147483647;
			files = (
				BBDE6CE42B6AF2FD00FA3EA1 /* Preview Assets.xcassets in Resources */,
				BBDE6CE12B6AF2FD00FA3EA1 /* Assets.xcassets in Resources */,
			);
			runOnlyForDeploymentPostprocessing = 0;
		};
		BBDE6CE72B6AF2FD00FA3EA1 /* Resources */ = {
			isa = PBXResourcesBuildPhase;
			buildActionMask = 2147483647;
			files = (
			);
			runOnlyForDeploymentPostprocessing = 0;
		};
		BBDE6CF12B6AF2FD00FA3EA1 /* Resources */ = {
			isa = PBXResourcesBuildPhase;
			buildActionMask = 2147483647;
			files = (
			);
			runOnlyForDeploymentPostprocessing = 0;
		};
/* End PBXResourcesBuildPhase section */

/* Begin PBXSourcesBuildPhase section */
		BBDE6CD52B6AF2FC00FA3EA1 /* Sources */ = {
			isa = PBXSourcesBuildPhase;
			buildActionMask = 2147483647;
			files = (
				BBDE6CDF2B6AF2FC00FA3EA1 /* ContentView.swift in Sources */,
				BBDE6CDD2B6AF2FC00FA3EA1 /* Memorize2App.swift in Sources */,
			);
			runOnlyForDeploymentPostprocessing = 0;
		};
		BBDE6CE52B6AF2FD00FA3EA1 /* Sources */ = {
			isa = PBXSourcesBuildPhase;
			buildActionMask = 2147483647;
			files = (
				BBDE6CEE2B6AF2FD00FA3EA1 /* Memorize2Tests.swift in Sources */,
			);
			runOnlyForDeploymentPostprocessing = 0;
		};
		BBDE6CEF2B6AF2FD00FA3EA1 /* Sources */ = {
			isa = PBXSourcesBuildPhase;
			buildActionMask = 2147483647;
			files = (
				BBDE6CF82B6AF2FD00FA3EA1 /* Memorize2UITests.swift in Sources */,
				BBDE6CFA2B6AF2FD00FA3EA1 /* Memorize2UITestsLaunchTests.swift in Sources */,
			);
			runOnlyForDeploymentPostprocessing = 0;
		};
/* End PBXSourcesBuildPhase section */

/* Begin PBXTargetDependency section */
		BBDE6CEB2B6AF2FD00FA3EA1 /* PBXTargetDependency */ = {
			isa = PBXTargetDependency;
			target = BBDE6CD82B6AF2FC00FA3EA1 /* Memorize2 */;
			targetProxy = BBDE6CEA2B6AF2FD00FA3EA1 /* PBXContainerItemProxy */;
		};
		BBDE6CF52B6AF2FD00FA3EA1 /* PBXTargetDependency */ = {
			isa = PBXTargetDependency;
			target = BBDE6CD82B6AF2FC00FA3EA1 /* Memorize2 */;
			targetProxy = BBDE6CF42B6AF2FD00FA3EA1 /* PBXContainerItemProxy */;
		};
/* End PBXTargetDependency section */

/* Begin XCBuildConfiguration section */
		BBDE6CFB2B6AF2FD00FA3EA1 /* Debug */ = {
			isa = XCBuildConfiguration;
			buildSettings = {
				ALWAYS_SEARCH_USER_PATHS = NO;
				ASSETCATALOG_COMPILER_GENERATE_SWIFT_ASSET_SYMBOL_EXTENSIONS = YES;
				CLANG_ANALYZER_NONNULL = YES;
				CLANG_ANALYZER_NUMBER_OBJECT_CONVERSION = YES_AGGRESSIVE;
				CLANG_CXX_LANGUAGE_STANDARD = "gnu++20";
				CLANG_ENABLE_MODULES = YES;
				CLANG_ENABLE_OBJC_ARC = YES;
				CLANG_ENABLE_OBJC_WEAK = YES;
				CLANG_WARN_BLOCK_CAPTURE_AUTORELEASING = YES;
				CLANG_WARN_BOOL_CONVERSION = YES;
				CLANG_WARN_COMMA = YES;
				CLANG_WARN_CONSTANT_CONVERSION = YES;
				CLANG_WARN_DEPRECATED_OBJC_IMPLEMENTATIONS = YES;
				CLANG_WARN_DIRECT_OBJC_ISA_USAGE = YES_ERROR;
				CLANG_WARN_DOCUMENTATION_COMMENTS = YES;
				CLANG_WARN_EMPTY_BODY = YES;
				CLANG_WARN_ENUM_CONVERSION = YES;
				CLANG_WARN_INFINITE_RECURSION = YES;
				CLANG_WARN_INT_CONVERSION = YES;
				CLANG_WARN_NON_LITERAL_NULL_CONVERSION = YES;
				CLANG_WARN_OBJC_IMPLICIT_RETAIN_SELF = YES;
				CLANG_WARN_OBJC_LITERAL_CONVERSION = YES;
				CLANG_WARN_OBJC_ROOT_CLASS = YES_ERROR;
				CLANG_WARN_QUOTED_INCLUDE_IN_FRAMEWORK_HEADER = YES;
				CLANG_WARN_RANGE_LOOP_ANALYSIS = YES;
				CLANG_WARN_STRICT_PROTOTYPES = YES;
				CLANG_WARN_SUSPICIOUS_MOVE = YES;
				CLANG_WARN_UNGUARDED_AVAILABILITY = YES_AGGRESSIVE;
				CLANG_WARN_UNREACHABLE_CODE = YES;
				CLANG_WARN__DUPLICATE_METHOD_MATCH = YES;
				COPY_PHASE_STRIP = NO;
				DEBUG_INFORMATION_FORMAT = dwarf;
				ENABLE_STRICT_OBJC_MSGSEND = YES;
				ENABLE_TESTABILITY = YES;
				ENABLE_USER_SCRIPT_SANDBOXING = YES;
				GCC_C_LANGUAGE_STANDARD = gnu17;
				GCC_DYNAMIC_NO_PIC = NO;
				GCC_NO_COMMON_BLOCKS = YES;
				GCC_OPTIMIZATION_LEVEL = 0;
				GCC_PREPROCESSOR_DEFINITIONS = (
					"DEBUG=1",
					"$(inherited)",
				);
				GCC_WARN_64_TO_32_BIT_CONVERSION = YES;
				GCC_WARN_ABOUT_RETURN_TYPE = YES_ERROR;
				GCC_WARN_UNDECLARED_SELECTOR = YES;
				GCC_WARN_UNINITIALIZED_AUTOS = YES_AGGRESSIVE;
				GCC_WARN_UNUSED_FUNCTION = YES;
				GCC_WARN_UNUSED_VARIABLE = YES;
				IPHONEOS_DEPLOYMENT_TARGET = 17.2;
				LOCALIZATION_PREFERS_STRING_CATALOGS = YES;
				MTL_ENABLE_DEBUG_INFO = INCLUDE_SOURCE;
				MTL_FAST_MATH = YES;
				ONLY_ACTIVE_ARCH = YES;
				SDKROOT = iphoneos;
				SWIFT_ACTIVE_COMPILATION_CONDITIONS = "DEBUG $(inherited)";
				SWIFT_OPTIMIZATION_LEVEL = "-Onone";
			};
			name = Debug;
		};
		BBDE6CFC2B6AF2FD00FA3EA1 /* Release */ = {
			isa = XCBuildConfiguration;
			buildSettings = {
				ALWAYS_SEARCH_USER_PATHS = NO;
				ASSETCATALOG_COMPILER_GENERATE_SWIFT_ASSET_SYMBOL_EXTENSIONS = YES;
				CLANG_ANALYZER_NONNULL = YES;
				CLANG_ANALYZER_NUMBER_OBJECT_CONVERSION = YES_AGGRESSIVE;
				CLANG_CXX_LANGUAGE_STANDARD = "gnu++20";
				CLANG_ENABLE_MODULES = YES;
				CLANG_ENABLE_OBJC_ARC = YES;
				CLANG_ENABLE_OBJC_WEAK = YES;
				CLANG_WARN_BLOCK_CAPTURE_AUTORELEASING = YES;
				CLANG_WARN_BOOL_CONVERSION = YES;
				CLANG_WARN_COMMA = YES;
				CLANG_WARN_CONSTANT_CONVERSION = YES;
				CLANG_WARN_DEPRECATED_OBJC_IMPLEMENTATIONS = YES;
				CLANG_WARN_DIRECT_OBJC_ISA_USAGE = YES_ERROR;
				CLANG_WARN_DOCUMENTATION_COMMENTS = YES;
				CLANG_WARN_EMPTY_BODY = YES;
				CLANG_WARN_ENUM_CONVERSION = YES;
				CLANG_WARN_INFINITE_RECURSION = YES;
				CLANG_WARN_INT_CONVERSION = YES;
				CLANG_WARN_NON_LITERAL_NULL_CONVERSION = YES;
				CLANG_WARN_OBJC_IMPLICIT_RETAIN_SELF = YES;
				CLANG_WARN_OBJC_LITERAL_CONVERSION = YES;
				CLANG_WARN_OBJC_ROOT_CLASS = YES_ERROR;
				CLANG_WARN_QUOTED_INCLUDE_IN_FRAMEWORK_HEADER = YES;
				CLANG_WARN_RANGE_LOOP_ANALYSIS = YES;
				CLANG_WARN_STRICT_PROTOTYPES = YES;
				CLANG_WARN_SUSPICIOUS_MOVE = YES;
				CLANG_WARN_UNGUARDED_AVAILABILITY = YES_AGGRESSIVE;
				CLANG_WARN_UNREACHABLE_CODE = YES;
				CLANG_WARN__DUPLICATE_METHOD_MATCH = YES;
				COPY_PHASE_STRIP = NO;
				DEBUG_INFORMATION_FORMAT = "dwarf-with-dsym";
				ENABLE_NS_ASSERTIONS = NO;
				ENABLE_STRICT_OBJC_MSGSEND = YES;
				ENABLE_USER_SCRIPT_SANDBOXING = YES;
				GCC_C_LANGUAGE_STANDARD = gnu17;
				GCC_NO_COMMON_BLOCKS = YES;
				GCC_WARN_64_TO_32_BIT_CONVERSION = YES;
				GCC_WARN_ABOUT_RETURN_TYPE = YES_ERROR;
				GCC_WARN_UNDECLARED_SELECTOR = YES;
				GCC_WARN_UNINITIALIZED_AUTOS = YES_AGGRESSIVE;
				GCC_WARN_UNUSED_FUNCTION = YES;
				GCC_WARN_UNUSED_VARIABLE = YES;
				IPHONEOS_DEPLOYMENT_TARGET = 17.2;
				LOCALIZATION_PREFERS_STRING_CATALOGS = YES;
				MTL_ENABLE_DEBUG_INFO = NO;
				MTL_FAST_MATH = YES;
				SDKROOT = iphoneos;
				SWIFT_COMPILATION_MODE = wholemodule;
				VALIDATE_PRODUCT = YES;
			};
			name = Release;
		};
		BBDE6CFE2B6AF2FD00FA3EA1 /* Debug */ = {
			isa = XCBuildConfiguration;
			buildSettings = {
				ASSETCATALOG_COMPILER_APPICON_NAME = AppIcon;
				ASSETCATALOG_COMPILER_GLOBAL_ACCENT_COLOR_NAME = AccentColor;
				CODE_SIGN_STYLE = Automatic;
				CURRENT_PROJECT_VERSION = 1;
				DEVELOPMENT_ASSET_PATHS = "\"Memorize2/Preview Content\"";
				DEVELOPMENT_TEAM = FJSDUGA3LS;
				ENABLE_PREVIEWS = YES;
				GENERATE_INFOPLIST_FILE = YES;
				INFOPLIST_KEY_UIApplicationSceneManifest_Generation = YES;
				INFOPLIST_KEY_UIApplicationSupportsIndirectInputEvents = YES;
				INFOPLIST_KEY_UILaunchScreen_Generation = YES;
				INFOPLIST_KEY_UISupportedInterfaceOrientations_iPad = "UIInterfaceOrientationPortrait UIInterfaceOrientationPortraitUpsideDown UIInterfaceOrientationLandscapeLeft UIInterfaceOrientationLandscapeRight";
				INFOPLIST_KEY_UISupportedInterfaceOrientations_iPhone = "UIInterfaceOrientationPortrait UIInterfaceOrientationLandscapeLeft UIInterfaceOrientationLandscapeRight";
				LD_RUNPATH_SEARCH_PATHS = (
					"$(inherited)",
					"@executable_path/Frameworks",
				);
				MARKETING_VERSION = 1.0;
				PRODUCT_BUNDLE_IDENTIFIER = lucasofjus.stanford.cs193p.instructor.Memorize2;
				PRODUCT_NAME = "$(TARGET_NAME)";
				SWIFT_EMIT_LOC_STRINGS = YES;
				SWIFT_VERSION = 5.0;
				TARGETED_DEVICE_FAMILY = "1,2";
			};
			name = Debug;
		};
		BBDE6CFF2B6AF2FD00FA3EA1 /* Release */ = {
			isa = XCBuildConfiguration;
			buildSettings = {
				ASSETCATALOG_COMPILER_APPICON_NAME = AppIcon;
				ASSETCATALOG_COMPILER_GLOBAL_ACCENT_COLOR_NAME = AccentColor;
				CODE_SIGN_STYLE = Automatic;
				CURRENT_PROJECT_VERSION = 1;
				DEVELOPMENT_ASSET_PATHS = "\"Memorize2/Preview Content\"";
				DEVELOPMENT_TEAM = FJSDUGA3LS;
				ENABLE_PREVIEWS = YES;
				GENERATE_INFOPLIST_FILE = YES;
				INFOPLIST_KEY_UIApplicationSceneManifest_Generation = YES;
				INFOPLIST_KEY_UIApplicationSupportsIndirectInputEvents = YES;
				INFOPLIST_KEY_UILaunchScreen_Generation = YES;
				INFOPLIST_KEY_UISupportedInterfaceOrientations_iPad = "UIInterfaceOrientationPortrait UIInterfaceOrientationPortraitUpsideDown UIInterfaceOrientationLandscapeLeft UIInterfaceOrientationLandscapeRight";
				INFOPLIST_KEY_UISupportedInterfaceOrientations_iPhone = "UIInterfaceOrientationPortrait UIInterfaceOrientationLandscapeLeft UIInterfaceOrientationLandscapeRight";
				LD_RUNPATH_SEARCH_PATHS = (
					"$(inherited)",
					"@executable_path/Frameworks",
				);
				MARKETING_VERSION = 1.0;
				PRODUCT_BUNDLE_IDENTIFIER = lucasofjus.stanford.cs193p.instructor.Memorize2;
				PRODUCT_NAME = "$(TARGET_NAME)";
				SWIFT_EMIT_LOC_STRINGS = YES;
				SWIFT_VERSION = 5.0;
				TARGETED_DEVICE_FAMILY = "1,2";
			};
			name = Release;
		};
		BBDE6D012B6AF2FD00FA3EA1 /* Debug */ = {
			isa = XCBuildConfiguration;
			buildSettings = {
				ALWAYS_EMBED_SWIFT_STANDARD_LIBRARIES = YES;
				BUNDLE_LOADER = "$(TEST_HOST)";
				CODE_SIGN_STYLE = Automatic;
				CURRENT_PROJECT_VERSION = 1;
				DEVELOPMENT_TEAM = FJSDUGA3LS;
				GENERATE_INFOPLIST_FILE = YES;
				IPHONEOS_DEPLOYMENT_TARGET = 17.2;
				MARKETING_VERSION = 1.0;
				PRODUCT_BUNDLE_IDENTIFIER = lucasofjus.stanford.cs193p.instructor.Memorize2Tests;
				PRODUCT_NAME = "$(TARGET_NAME)";
				SWIFT_EMIT_LOC_STRINGS = NO;
				SWIFT_VERSION = 5.0;
				TARGETED_DEVICE_FAMILY = "1,2";
				TEST_HOST = "$(BUILT_PRODUCTS_DIR)/Memorize2.app/$(BUNDLE_EXECUTABLE_FOLDER_PATH)/Memorize2";
			};
			name = Debug;
		};
		BBDE6D022B6AF2FD00FA3EA1 /* Release */ = {
			isa = XCBuildConfiguration;
			buildSettings = {
				ALWAYS_EMBED_SWIFT_STANDARD_LIBRARIES = YES;
				BUNDLE_LOADER = "$(TEST_HOST)";
				CODE_SIGN_STYLE = Automatic;
				CURRENT_PROJECT_VERSION = 1;
				DEVELOPMENT_TEAM = FJSDUGA3LS;
				GENERATE_INFOPLIST_FILE = YES;
				IPHONEOS_DEPLOYMENT_TARGET = 17.2;
				MARKETING_VERSION = 1.0;
				PRODUCT_BUNDLE_IDENTIFIER = lucasofjus.stanford.cs193p.instructor.Memorize2Tests;
				PRODUCT_NAME = "$(TARGET_NAME)";
				SWIFT_EMIT_LOC_STRINGS = NO;
				SWIFT_VERSION = 5.0;
				TARGETED_DEVICE_FAMILY = "1,2";
				TEST_HOST = "$(BUILT_PRODUCTS_DIR)/Memorize2.app/$(BUNDLE_EXECUTABLE_FOLDER_PATH)/Memorize2";
			};
			name = Release;
		};
		BBDE6D042B6AF2FD00FA3EA1 /* Debug */ = {
			isa = XCBuildConfiguration;
			buildSettings = {
				ALWAYS_EMBED_SWIFT_STANDARD_LIBRARIES = YES;
				CODE_SIGN_STYLE = Automatic;
				CURRENT_PROJECT_VERSION = 1;
				DEVELOPMENT_TEAM = FJSDUGA3LS;
				GENERATE_INFOPLIST_FILE = YES;
				MARKETING_VERSION = 1.0;
				PRODUCT_BUNDLE_IDENTIFIER = lucasofjus.stanford.cs193p.instructor.Memorize2UITests;
				PRODUCT_NAME = "$(TARGET_NAME)";
				SWIFT_EMIT_LOC_STRINGS = NO;
				SWIFT_VERSION = 5.0;
				TARGETED_DEVICE_FAMILY = "1,2";
				TEST_TARGET_NAME = Memorize2;
			};
			name = Debug;
		};
		BBDE6D052B6AF2FD00FA3EA1 /* Release */ = {
			isa = XCBuildConfiguration;
			buildSettings = {
				ALWAYS_EMBED_SWIFT_STANDARD_LIBRARIES = YES;
				CODE_SIGN_STYLE = Automatic;
				CURRENT_PROJECT_VERSION = 1;
				DEVELOPMENT_TEAM = FJSDUGA3LS;
				GENERATE_INFOPLIST_FILE = YES;
				MARKETING_VERSION = 1.0;
				PRODUCT_BUNDLE_IDENTIFIER = lucasofjus.stanford.cs193p.instructor.Memorize2UITests;
				PRODUCT_NAME = "$(TARGET_NAME)";
				SWIFT_EMIT_LOC_STRINGS = NO;
				SWIFT_VERSION = 5.0;
				TARGETED_DEVICE_FAMILY = "1,2";
				TEST_TARGET_NAME = Memorize2;
			};
			name = Release;
		};
/* End XCBuildConfiguration section */

/* Begin XCConfigurationList section */
		BBDE6CD42B6AF2FC00FA3EA1 /* Build configuration list for PBXProject "Memorize2" */ = {
			isa = XCConfigurationList;
			buildConfigurations = (
				BBDE6CFB2B6AF2FD00FA3EA1 /* Debug */,
				BBDE6CFC2B6AF2FD00FA3EA1 /* Release */,
			);
			defaultConfigurationIsVisible = 0;
			defaultConfigurationName = Release;
		};
		BBDE6CFD2B6AF2FD00FA3EA1 /* Build configuration list for PBXNativeTarget "Memorize2" */ = {
			isa = XCConfigurationList;
			buildConfigurations = (
				BBDE6CFE2B6AF2FD00FA3EA1 /* Debug */,
				BBDE6CFF2B6AF2FD00FA3EA1 /* Release */,
			);
			defaultConfigurationIsVisible = 0;
			defaultConfigurationName = Release;
		};
		BBDE6D002B6AF2FD00FA3EA1 /* Build configuration list for PBXNativeTarget "Memorize2Tests" */ = {
			isa = XCConfigurationList;
			buildConfigurations = (
				BBDE6D012B6AF2FD00FA3EA1 /* Debug */,
				BBDE6D022B6AF2FD00FA3EA1 /* Release */,
			);
			defaultConfigurationIsVisible = 0;
			defaultConfigurationName = Release;
		};
		BBDE6D032B6AF2FD00FA3EA1 /* Build configuration list for PBXNativeTarget "Memorize2UITests" */ = {
			isa = XCConfigurationList;
			buildConfigurations = (
				BBDE6D042B6AF2FD00FA3EA1 /* Debug */,
				BBDE6D052B6AF2FD00FA3EA1 /* Release */,
			);
			defaultConfigurationIsVisible = 0;
			defaultConfigurationName = Release;
		};
/* End XCConfigurationList section */
	};
	rootObject = BBDE6CD12B6AF2FC00FA3EA1 /* Project object */;
}
